github.com/expr-lang/expr v1.17.8 h1:W1loDTT+0PQf5YteHSTpju2qfUfNoBt4yw9+wOEU9VM=
github.com/expr-lang/expr v1.17.8/go.mod h1:8/vRC7+7HBzESEqt5kKpYXxrxkr31SaO8r40VO/1IT4=
github.com/pilot-protocol/common v0.5.9 h1:oCeIxMl8PtJowSU9UfSdzFXQ4s2pxxQBAitsg6P6pm8=
github.com/pilot-protocol/common v0.5.9/go.mod h1:Ybc6f1A37s3ShoEh1nBMVL9DPyYlxvkqPTvtbxaNWg4=
