github.com/expr-lang/expr v1.17.8 h1:W1loDTT+0PQf5YteHSTpju2qfUfNoBt4yw9+wOEU9VM=
github.com/expr-lang/expr v1.17.8/go.mod h1:8/vRC7+7HBzESEqt5kKpYXxrxkr31SaO8r40VO/1IT4=
github.com/pilot-protocol/common v0.4.5 h1:WX7jQcJoWJe+GtynZ+gz0f3re7DIRpi3RWo2SEnZJYo=
github.com/pilot-protocol/common v0.4.5/go.mod h1:yrAwPXGVMbXU+SADvOCmbdXjK/wJ3uA0KshyLvRlej4=
