github.com/expr-lang/expr v1.17.8 h1:W1loDTT+0PQf5YteHSTpju2qfUfNoBt4yw9+wOEU9VM=
github.com/expr-lang/expr v1.17.8/go.mod h1:8/vRC7+7HBzESEqt5kKpYXxrxkr31SaO8r40VO/1IT4=
github.com/pilot-protocol/common v0.5.6 h1:0A3W3HUQSPryGyh+zA89hEHHLcYVd9v9Vgk8EzOqpQI=
github.com/pilot-protocol/common v0.5.6/go.mod h1:yrAwPXGVMbXU+SADvOCmbdXjK/wJ3uA0KshyLvRlej4=
